
Microsoft Visual Studio Solution File, Format Version 12.00
# Visual Studio Version 16
VisualStudioVersion = 16.0.29920.165
MinimumVisualStudioVersion = 10.0.40219.1
Project("{FAE04EC0-301F-11D3-BF4B-00C04F79EFBC}") = "MorseCode", "MorseCode\MorseCode.csproj", "{C191853B-515D-424B-9401-05768E59FF7D}"
EndProject
Project("{FAE04EC0-301F-11D3-BF4B-00C04F79EFBC}") = "MorseCodeLibrary", "MorseCodeLibrary\MorseCodeLibrary.csproj", "{38A673F3-FE80-41C4-AC95-9DF1BA9A315A}"
EndProject
Global
	GlobalSection(SolutionConfigurationPlatforms) = preSolution
		Debug|Any CPU = Debug|Any CPU
		Release|Any CPU = Release|Any CPU
	EndGlobalSection
	GlobalSection(ProjectConfigurationPlatforms) = postSolution
		{C191853B-515D-424B-9401-05768E59FF7D}.Debug|Any CPU.ActiveCfg = Debug|Any CPU
		{C191853B-515D-424B-9401-05768E59FF7D}.Debug|Any CPU.Build.0 = Debug|Any CPU
		{C191853B-515D-424B-9401-05768E59FF7D}.Release|Any CPU.ActiveCfg = Release|Any CPU
		{C191853B-515D-424B-9401-05768E59FF7D}.Release|Any CPU.Build.0 = Release|Any CPU
		{38A673F3-FE80-41C4-AC95-9DF1BA9A315A}.Debug|Any CPU.ActiveCfg = Debug|Any CPU
		{38A673F3-FE80-41C4-AC95-9DF1BA9A315A}.Debug|Any CPU.Build.0 = Debug|Any CPU
		{38A673F3-FE80-41C4-AC95-9DF1BA9A315A}.Release|Any CPU.ActiveCfg = Release|Any CPU
		{38A673F3-FE80-41C4-AC95-9DF1BA9A315A}.Release|Any CPU.Build.0 = Release|Any CPU
	EndGlobalSection
	GlobalSection(SolutionProperties) = preSolution
		HideSolutionNode = FALSE
	EndGlobalSection
	GlobalSection(ExtensibilityGlobals) = postSolution
		SolutionGuid = {536E2108-C270-43BC-A620-0F7AB74B27F0}
	EndGlobalSection
EndGlobal
